Microsoft Visual Studio Solution File, Format Version 12.00
# Visual Studio Version 17
VisualStudioVersion = 17.5.2.0
MinimumVisualStudioVersion = 10.0.40219.1
Project("{FAE04EC0-301F-11D3-BF4B-00C04F79EFBC}") = "ApiService", "ApiService.csproj", "{C03EDC59-EC52-C71B-2E11-290D8C155935}"
EndProject
Global
	GlobalSection(SolutionConfigurationPlatforms) = preSolution
		Debug|Any CPU = Debug|Any CPU
		Release|Any CPU = Release|Any CPU
	EndGlobalSection
	GlobalSection(ProjectConfigurationPlatforms) = postSolution
		{C03EDC59-EC52-C71B-2E11-290D8C155935}.Debug|Any CPU.ActiveCfg = Debug|Any CPU
		{C03EDC59-EC52-C71B-2E11-290D8C155935}.Debug|Any CPU.Build.0 = Debug|Any CPU
		{C03EDC59-EC52-C71B-2E11-290D8C155935}.Release|Any CPU.ActiveCfg = Release|Any CPU
		{C03EDC59-EC52-C71B-2E11-290D8C155935}.Release|Any CPU.Build.0 = Release|Any CPU
	EndGlobalSection
	GlobalSection(SolutionProperties) = preSolution
		HideSolutionNode = FALSE
	EndGlobalSection
	GlobalSection(ExtensibilityGlobals) = postSolution
		SolutionGuid = {214DB3E9-E68A-4CE7-9BB9-098CBB56D637}
	EndGlobalSection
EndGlobal
